
Microsoft Visual Studio Solution File, Format Version 12.00
# Visual Studio Version 17
VisualStudioVersion = 17.11.35312.102
MinimumVisualStudioVersion = 10.0.40219.1
Project("{9A19103F-16F7-4668-BE54-9A1E7A4F7556}") = "Backend", "Backend\Backend.csproj", "{D60A6633-9955-4ECD-B46E-F52543C29C9B}"
EndProject
Project("{E53339B2-1760-4266-BCC7-CA923CBCF16C}") = "docker-compose", "docker-compose.dcproj", "{EBBCDB89-5355-418D-9D95-078D0BD63235}"
EndProject
Global
	GlobalSection(SolutionConfigurationPlatforms) = preSolution
		Debug|Any CPU = Debug|Any CPU
		Release|Any CPU = Release|Any CPU
	EndGlobalSection
	GlobalSection(ProjectConfigurationPlatforms) = postSolution
		{D60A6633-9955-4ECD-B46E-F52543C29C9B}.Debug|Any CPU.ActiveCfg = Debug|Any CPU
		{D60A6633-9955-4ECD-B46E-F52543C29C9B}.Debug|Any CPU.Build.0 = Debug|Any CPU
		{D60A6633-9955-4ECD-B46E-F52543C29C9B}.Release|Any CPU.ActiveCfg = Release|Any CPU
		{D60A6633-9955-4ECD-B46E-F52543C29C9B}.Release|Any CPU.Build.0 = Release|Any CPU
		{EBBCDB89-5355-418D-9D95-078D0BD63235}.Debug|Any CPU.ActiveCfg = Debug|Any CPU
		{EBBCDB89-5355-418D-9D95-078D0BD63235}.Debug|Any CPU.Build.0 = Debug|Any CPU
		{EBBCDB89-5355-418D-9D95-078D0BD63235}.Release|Any CPU.ActiveCfg = Release|Any CPU
		{EBBCDB89-5355-418D-9D95-078D0BD63235}.Release|Any CPU.Build.0 = Release|Any CPU
	EndGlobalSection
	GlobalSection(SolutionProperties) = preSolution
		HideSolutionNode = FALSE
	EndGlobalSection
	GlobalSection(ExtensibilityGlobals) = postSolution
		SolutionGuid = {7B639DA2-AAB1-423A-89A4-B60C943C94F1}
	EndGlobalSection
EndGlobal
