
Microsoft Visual Studio Solution File, Format Version 12.00
# Visual Studio Version 17
VisualStudioVersion = 17.11.35312.102
MinimumVisualStudioVersion = 10.0.40219.1
Project("{FAE04EC0-301F-11D3-BF4B-00C04F79EFBC}") = "matcron-workflow-testing", "matcron-workflow-testing.csproj", "{39397239-7698-4F0F-85FC-0CE120EA3AAA}"
EndProject
Global
	GlobalSection(SolutionConfigurationPlatforms) = preSolution
		Debug|Any CPU = Debug|Any CPU
		Release|Any CPU = Release|Any CPU
	EndGlobalSection
	GlobalSection(ProjectConfigurationPlatforms) = postSolution
		{39397239-7698-4F0F-85FC-0CE120EA3AAA}.Debug|Any CPU.ActiveCfg = Debug|Any CPU
		{39397239-7698-4F0F-85FC-0CE120EA3AAA}.Debug|Any CPU.Build.0 = Debug|Any CPU
		{39397239-7698-4F0F-85FC-0CE120EA3AAA}.Release|Any CPU.ActiveCfg = Release|Any CPU
		{39397239-7698-4F0F-85FC-0CE120EA3AAA}.Release|Any CPU.Build.0 = Release|Any CPU
	EndGlobalSection
	GlobalSection(SolutionProperties) = preSolution
		HideSolutionNode = FALSE
	EndGlobalSection
	GlobalSection(ExtensibilityGlobals) = postSolution
		SolutionGuid = {8E110A45-8E86-4FC2-97DE-6DDB2D5F70C3}
	EndGlobalSection
EndGlobal
