
Microsoft Visual Studio Solution File, Format Version 12.00
# Visual Studio Version 17
VisualStudioVersion = 17.11.35312.102
MinimumVisualStudioVersion = 10.0.40219.1
Project("{FAE04EC0-301F-11D3-BF4B-00C04F79EFBC}") = "MatCron.Backend", "MatCron.Backend\MatCron.Backend.csproj", "{F751FDAB-E4C5-4348-BAB4-18B5FA7F28AF}"
EndProject
Global
	GlobalSection(SolutionConfigurationPlatforms) = preSolution
		Debug|Any CPU = Debug|Any CPU
		Release|Any CPU = Release|Any CPU
	EndGlobalSection
	GlobalSection(ProjectConfigurationPlatforms) = postSolution
		{F751FDAB-E4C5-4348-BAB4-18B5FA7F28AF}.Debug|Any CPU.ActiveCfg = Debug|Any CPU
		{F751FDAB-E4C5-4348-BAB4-18B5FA7F28AF}.Debug|Any CPU.Build.0 = Debug|Any CPU
		{F751FDAB-E4C5-4348-BAB4-18B5FA7F28AF}.Release|Any CPU.ActiveCfg = Release|Any CPU
		{F751FDAB-E4C5-4348-BAB4-18B5FA7F28AF}.Release|Any CPU.Build.0 = Release|Any CPU
	EndGlobalSection
	GlobalSection(SolutionProperties) = preSolution
		HideSolutionNode = FALSE
	EndGlobalSection
	GlobalSection(ExtensibilityGlobals) = postSolution
		SolutionGuid = {B0D32225-3FF6-4947-AD8C-CD2D0B28C710}
	EndGlobalSection
EndGlobal
